
Microsoft Visual Studio Solution File, Format Version 12.00
# Visual Studio 15
VisualStudioVersion = 15.0.27130.2027
MinimumVisualStudioVersion = 10.0.40219.1
Project("{FAE04EC0-301F-11D3-BF4B-00C04F79EFBC}") = "MyPixisAir", "MyPixisAir\MyPixisAir.csproj", "{A093C3A1-A2C6-4C55-A5EA-2651D6A6621A}"
EndProject
Global
	GlobalSection(SolutionConfigurationPlatforms) = preSolution
		Debug|Any CPU = Debug|Any CPU
		Release|Any CPU = Release|Any CPU
	EndGlobalSection
	GlobalSection(ProjectConfigurationPlatforms) = postSolution
		{A093C3A1-A2C6-4C55-A5EA-2651D6A6621A}.Debug|Any CPU.ActiveCfg = Debug|Any CPU
		{A093C3A1-A2C6-4C55-A5EA-2651D6A6621A}.Debug|Any CPU.Build.0 = Debug|Any CPU
		{A093C3A1-A2C6-4C55-A5EA-2651D6A6621A}.Release|Any CPU.ActiveCfg = Release|Any CPU
		{A093C3A1-A2C6-4C55-A5EA-2651D6A6621A}.Release|Any CPU.Build.0 = Release|Any CPU
	EndGlobalSection
	GlobalSection(SolutionProperties) = preSolution
		HideSolutionNode = FALSE
	EndGlobalSection
	GlobalSection(ExtensibilityGlobals) = postSolution
		SolutionGuid = {26904E52-F0BE-4981-9F8C-F50AE8BB6082}
	EndGlobalSection
EndGlobal
